// !$*UTF8*$!
{
	archiveVersion = 1;
	classes = {
	};
	objectVersion = 46;
	objects = {

/* Begin PBXBuildFile section */
		8411134C1E77A7F500ABF8A4 /* meteorite.sks in Resources */ = {isa = PBXBuildFile; fileRef = 8411134B1E77A7F500ABF8A4 /* meteorite.sks */; };
		8440F0DA1E77131C00800E15 /* attack-1.wav in Resources */ = {isa = PBXBuildFile; fileRef = 8440F0D51E77131C00800E15 /* attack-1.wav */; };
		8440F0DB1E77131C00800E15 /* attack-2.wav in Resources */ = {isa = PBXBuildFile; fileRef = 8440F0D61E77131C00800E15 /* attack-2.wav */; };
		8440F0DC1E77131C00800E15 /* player-explosion.wav in Resources */ = {isa = PBXBuildFile; fileRef = 8440F0D71E77131C00800E15 /* player-explosion.wav */; };
		8440F0DD1E77131C00800E15 /* player-shoot.wav in Resources */ = {isa = PBXBuildFile; fileRef = 8440F0D81E77131C00800E15 /* player-shoot.wav */; };
		8440F0DE1E77131C00800E15 /* shoot.wav in Resources */ = {isa = PBXBuildFile; fileRef = 8440F0D91E77131C00800E15 /* shoot.wav */; };
		846B63DD1E76B05000210411 /* spacship.sks in Resources */ = {isa = PBXBuildFile; fileRef = 846B63DC1E76B05000210411 /* spacship.sks */; };
		846B63DF1E76BA6300210411 /* background.sks in Resources */ = {isa = PBXBuildFile; fileRef = 846B63DE1E76BA6300210411 /* background.sks */; };
		84AF8CDC1E75347C0055C170 /* AppDelegate.swift in Sources */ = {isa = PBXBuildFile; fileRef = 84AF8CDB1E75347C0055C170 /* AppDelegate.swift */; };
		84AF8CDE1E75347C0055C170 /* GameScene.sks in Resources */ = {isa = PBXBuildFile; fileRef = 84AF8CDD1E75347C0055C170 /* GameScene.sks */; };
		84AF8CE01E75347C0055C170 /* Actions.sks in Resources */ = {isa = PBXBuildFile; fileRef = 84AF8CDF1E75347C0055C170 /* Actions.sks */; };
		84AF8CE21E75347C0055C170 /* GameScene.swift in Sources */ = {isa = PBXBuildFile; fileRef = 84AF8CE11E75347C0055C170 /* GameScene.swift */; };
		84AF8CE41E75347C0055C170 /* GameViewController.swift in Sources */ = {isa = PBXBuildFile; fileRef = 84AF8CE31E75347C0055C170 /* GameViewController.swift */; };
		84AF8CE71E75347C0055C170 /* Main.storyboard in Resources */ = {isa = PBXBuildFile; fileRef = 84AF8CE51E75347C0055C170 /* Main.storyboard */; };
		84AF8CE91E75347C0055C170 /* Assets.xcassets in Resources */ = {isa = PBXBuildFile; fileRef = 84AF8CE81E75347C0055C170 /* Assets.xcassets */; };
		84AF8CEC1E75347C0055C170 /* LaunchScreen.storyboard in Resources */ = {isa = PBXBuildFile; fileRef = 84AF8CEA1E75347C0055C170 /* LaunchScreen.storyboard */; };
/* End PBXBuildFile section */

/* Begin PBXFileReference section */
		8411134B1E77A7F500ABF8A4 /* meteorite.sks */ = {isa = PBXFileReference; lastKnownFileType = file.sks; path = meteorite.sks; sourceTree = "<group>"; };
		8440F0D51E77131C00800E15 /* attack-1.wav */ = {isa = PBXFileReference; lastKnownFileType = audio.wav; path = "attack-1.wav"; sourceTree = "<group>"; };
		8440F0D61E77131C00800E15 /* attack-2.wav */ = {isa = PBXFileReference; lastKnownFileType = audio.wav; path = "attack-2.wav"; sourceTree = "<group>"; };
		8440F0D71E77131C00800E15 /* player-explosion.wav */ = {isa = PBXFileReference; lastKnownFileType = audio.wav; path = "player-explosion.wav"; sourceTree = "<group>"; };
		8440F0D81E77131C00800E15 /* player-shoot.wav */ = {isa = PBXFileReference; lastKnownFileType = audio.wav; path = "player-shoot.wav"; sourceTree = "<group>"; };
		8440F0D91E77131C00800E15 /* shoot.wav */ = {isa = PBXFileReference; lastKnownFileType = audio.wav; path = shoot.wav; sourceTree = "<group>"; };
		846B63DC1E76B05000210411 /* spacship.sks */ = {isa = PBXFileReference; lastKnownFileType = file.sks; path = spacship.sks; sourceTree = "<group>"; };
		846B63DE1E76BA6300210411 /* background.sks */ = {isa = PBXFileReference; lastKnownFileType = file.sks; path = background.sks; sourceTree = "<group>"; };
		84AF8CD81E75347C0055C170 /* PhamLam.app */ = {isa = PBXFileReference; explicitFileType = wrapper.application; includeInIndex = 0; path = PhamLam.app; sourceTree = BUILT_PRODUCTS_DIR; };
		84AF8CDB1E75347C0055C170 /* AppDelegate.swift */ = {isa = PBXFileReference; lastKnownFileType = sourcecode.swift; path = AppDelegate.swift; sourceTree = "<group>"; };
		84AF8CDD1E75347C0055C170 /* GameScene.sks */ = {isa = PBXFileReference; lastKnownFileType = file.sks; path = GameScene.sks; sourceTree = "<group>"; };
		84AF8CDF1E75347C0055C170 /* Actions.sks */ = {isa = PBXFileReference; lastKnownFileType = file.sks; path = Actions.sks; sourceTree = "<group>"; };
		84AF8CE11E75347C0055C170 /* GameScene.swift */ = {isa = PBXFileReference; lastKnownFileType = sourcecode.swift; path = GameScene.swift; sourceTree = "<group>"; };
		84AF8CE31E75347C0055C170 /* GameViewController.swift */ = {isa = PBXFileReference; lastKnownFileType = sourcecode.swift; path = GameViewController.swift; sourceTree = "<group>"; };
		84AF8CE61E75347C0055C170 /* Base */ = {isa = PBXFileReference; lastKnownFileType = file.storyboard; name = Base; path = Base.lproj/Main.storyboard; sourceTree = "<group>"; };
		84AF8CE81E75347C0055C170 /* Assets.xcassets */ = {isa = PBXFileReference; lastKnownFileType = folder.assetcatalog; path = Assets.xcassets; sourceTree = "<group>"; };
		84AF8CEB1E75347C0055C170 /* Base */ = {isa = PBXFileReference; lastKnownFileType = file.storyboard; name = Base; path = Base.lproj/LaunchScreen.storyboard; sourceTree = "<group>"; };
		84AF8CED1E75347C0055C170 /* Info.plist */ = {isa = PBXFileReference; lastKnownFileType = text.plist.xml; path = Info.plist; sourceTree = "<group>"; };
/* End PBXFileReference section */

/* Begin PBXFrameworksBuildPhase section */
		84AF8CD51E75347C0055C170 /* Frameworks */ = {
			isa = PBXFrameworksBuildPhase;
			buildActionMask = 2147483647;
			files = (
			);
			runOnlyForDeploymentPostprocessing = 0;
		};
/* End PBXFrameworksBuildPhase section */

/* Begin PBXGroup section */
		8440F0D31E7712E500800E15 /* New Group */ = {
			isa = PBXGroup;
			children = (
				84AF8CDA1E75347C0055C170 /* PhamLam */,
			);
			name = "New Group";
			sourceTree = "<group>";
		};
		8440F0D41E7712FC00800E15 /* soundGame */ = {
			isa = PBXGroup;
			children = (
			);
			name = soundGame;
			sourceTree = "<group>";
		};
		84AF8CCF1E75347C0055C170 = {
			isa = PBXGroup;
			children = (
				8440F0D31E7712E500800E15 /* New Group */,
				84AF8CD91E75347C0055C170 /* Products */,
			);
			sourceTree = "<group>";
		};
		84AF8CD91E75347C0055C170 /* Products */ = {
			isa = PBXGroup;
			children = (
				84AF8CD81E75347C0055C170 /* PhamLam.app */,
			);
			name = Products;
			sourceTree = "<group>";
		};
		84AF8CDA1E75347C0055C170 /* PhamLam */ = {
			isa = PBXGroup;
			children = (
				8440F0D41E7712FC00800E15 /* soundGame */,
				84AF8CDB1E75347C0055C170 /* AppDelegate.swift */,
				8440F0D51E77131C00800E15 /* attack-1.wav */,
				8440F0D61E77131C00800E15 /* attack-2.wav */,
				8440F0D71E77131C00800E15 /* player-explosion.wav */,
				8440F0D81E77131C00800E15 /* player-shoot.wav */,
				8440F0D91E77131C00800E15 /* shoot.wav */,
				84AF8CDD1E75347C0055C170 /* GameScene.sks */,
				84AF8CDF1E75347C0055C170 /* Actions.sks */,
				84AF8CE11E75347C0055C170 /* GameScene.swift */,
				84AF8CE31E75347C0055C170 /* GameViewController.swift */,
				84AF8CE51E75347C0055C170 /* Main.storyboard */,
				84AF8CE81E75347C0055C170 /* Assets.xcassets */,
				84AF8CEA1E75347C0055C170 /* LaunchScreen.storyboard */,
				84AF8CED1E75347C0055C170 /* Info.plist */,
				846B63DC1E76B05000210411 /* spacship.sks */,
				846B63DE1E76BA6300210411 /* background.sks */,
				8411134B1E77A7F500ABF8A4 /* meteorite.sks */,
			);
			path = PhamLam;
			sourceTree = "<group>";
		};
/* End PBXGroup section */

/* Begin PBXNativeTarget section */
		84AF8CD71E75347C0055C170 /* PhamLam */ = {
			isa = PBXNativeTarget;
			buildConfigurationList = 84AF8CF01E75347C0055C170 /* Build configuration list for PBXNativeTarget "PhamLam" */;
			buildPhases = (
				84AF8CD41E75347C0055C170 /* Sources */,
				84AF8CD51E75347C0055C170 /* Frameworks */,
				84AF8CD61E75347C0055C170 /* Resources */,
			);
			buildRules = (
			);
			dependencies = (
			);
			name = PhamLam;
			productName = PhamLam;
			productReference = 84AF8CD81E75347C0055C170 /* PhamLam.app */;
			productType = "com.apple.product-type.application";
		};
/* End PBXNativeTarget section */

/* Begin PBXProject section */
		84AF8CD01E75347C0055C170 /* Project object */ = {
			isa = PBXProject;
			attributes = {
				LastSwiftUpdateCheck = 0820;
				LastUpgradeCheck = 0820;
				ORGANIZATIONNAME = "Pham Lam";
				TargetAttributes = {
					84AF8CD71E75347C0055C170 = {
						CreatedOnToolsVersion = 8.2.1;
						ProvisioningStyle = Automatic;
					};
				};
			};
			buildConfigurationList = 84AF8CD31E75347C0055C170 /* Build configuration list for PBXProject "PhamLam" */;
			compatibilityVersion = "Xcode 3.2";
			developmentRegion = English;
			hasScannedForEncodings = 0;
			knownRegions = (
				en,
				Base,
			);
			mainGroup = 84AF8CCF1E75347C0055C170;
			productRefGroup = 84AF8CD91E75347C0055C170 /* Products */;
			projectDirPath = "";
			projectRoot = "";
			targets = (
				84AF8CD71E75347C0055C170 /* PhamLam */,
			);
		};
/* End PBXProject section */

/* Begin PBXResourcesBuildPhase section */
		84AF8CD61E75347C0055C170 /* Resources */ = {
			isa = PBXResourcesBuildPhase;
			buildActionMask = 2147483647;
			files = (
				8440F0DD1E77131C00800E15 /* player-shoot.wav in Resources */,
				84AF8CE71E75347C0055C170 /* Main.storyboard in Resources */,
				84AF8CDE1E75347C0055C170 /* GameScene.sks in Resources */,
				84AF8CE91E75347C0055C170 /* Assets.xcassets in Resources */,
				84AF8CEC1E75347C0055C170 /* LaunchScreen.storyboard in Resources */,
				8440F0DB1E77131C00800E15 /* attack-2.wav in Resources */,
				8411134C1E77A7F500ABF8A4 /* meteorite.sks in Resources */,
				8440F0DC1E77131C00800E15 /* player-explosion.wav in Resources */,
				846B63DF1E76BA6300210411 /* background.sks in Resources */,
				846B63DD1E76B05000210411 /* spacship.sks in Resources */,
				8440F0DA1E77131C00800E15 /* attack-1.wav in Resources */,
				8440F0DE1E77131C00800E15 /* shoot.wav in Resources */,
				84AF8CE01E75347C0055C170 /* Actions.sks in Resources */,
			);
			runOnlyForDeploymentPostprocessing = 0;
		};
/* End PBXResourcesBuildPhase section */

/* Begin PBXSourcesBuildPhase section */
		84AF8CD41E75347C0055C170 /* Sources */ = {
			isa = PBXSourcesBuildPhase;
			buildActionMask = 2147483647;
			files = (
				84AF8CE21E75347C0055C170 /* GameScene.swift in Sources */,
				84AF8CE41E75347C0055C170 /* GameViewController.swift in Sources */,
				84AF8CDC1E75347C0055C170 /* AppDelegate.swift in Sources */,
			);
			runOnlyForDeploymentPostprocessing = 0;
		};
/* End PBXSourcesBuildPhase section */

/* Begin PBXVariantGroup section */
		84AF8CE51E75347C0055C170 /* Main.storyboard */ = {
			isa = PBXVariantGroup;
			children = (
				84AF8CE61E75347C0055C170 /* Base */,
			);
			name = Main.storyboard;
			sourceTree = "<group>";
		};
		84AF8CEA1E75347C0055C170 /* LaunchScreen.storyboard */ = {
			isa = PBXVariantGroup;
			children = (
				84AF8CEB1E75347C0055C170 /* Base */,
			);
			name = LaunchScreen.storyboard;
			sourceTree = "<group>";
		};
/* End PBXVariantGroup section */

/* Begin XCBuildConfiguration section */
		84AF8CEE1E75347C0055C170 /* Debug */ = {
			isa = XCBuildConfiguration;
			buildSettings = {
				ALWAYS_SEARCH_USER_PATHS = NO;
				CLANG_ANALYZER_NONNULL = YES;
				CLANG_CXX_LANGUAGE_STANDARD = "gnu++0x";
				CLANG_CXX_LIBRARY = "libc++";
				CLANG_ENABLE_MODULES = YES;
				CLANG_ENABLE_OBJC_ARC = YES;
				CLANG_WARN_BOOL_CONVERSION = YES;
				CLANG_WARN_CONSTANT_CONVERSION = YES;
				CLANG_WARN_DIRECT_OBJC_ISA_USAGE = YES_ERROR;
				CLANG_WARN_DOCUMENTATION_COMMENTS = YES;
				CLANG_WARN_EMPTY_BODY = YES;
				CLANG_WARN_ENUM_CONVERSION = YES;
				CLANG_WARN_INFINITE_RECURSION = YES;
				CLANG_WARN_INT_CONVERSION = YES;
				CLANG_WARN_OBJC_ROOT_CLASS = YES_ERROR;
				CLANG_WARN_SUSPICIOUS_MOVE = YES;
				CLANG_WARN_UNREACHABLE_CODE = YES;
				CLANG_WARN__DUPLICATE_METHOD_MATCH = YES;
				"CODE_SIGN_IDENTITY[sdk=iphoneos*]" = "iPhone Developer";
				COPY_PHASE_STRIP = NO;
				DEBUG_INFORMATION_FORMAT = dwarf;
				ENABLE_STRICT_OBJC_MSGSEND = YES;
				ENABLE_TESTABILITY = YES;
				GCC_C_LANGUAGE_STANDARD = gnu99;
				GCC_DYNAMIC_NO_PIC = NO;
				GCC_NO_COMMON_BLOCKS = YES;
				GCC_OPTIMIZATION_LEVEL = 0;
				GCC_PREPROCESSOR_DEFINITIONS = (
					"DEBUG=1",
					"$(inherited)",
				);
				GCC_WARN_64_TO_32_BIT_CONVERSION = YES;
				GCC_WARN_ABOUT_RETURN_TYPE = YES_ERROR;
				GCC_WARN_UNDECLARED_SELECTOR = YES;
				GCC_WARN_UNINITIALIZED_AUTOS = YES_AGGRESSIVE;
				GCC_WARN_UNUSED_FUNCTION = YES;
				GCC_WARN_UNUSED_VARIABLE = YES;
				IPHONEOS_DEPLOYMENT_TARGET = 10.2;
				MTL_ENABLE_DEBUG_INFO = YES;
				ONLY_ACTIVE_ARCH = YES;
				SDKROOT = iphoneos;
				SWIFT_ACTIVE_COMPILATION_CONDITIONS = DEBUG;
				SWIFT_OPTIMIZATION_LEVEL = "-Onone";
				TARGETED_DEVICE_FAMILY = "1,2";
			};
			name = Debug;
		};
		84AF8CEF1E75347C0055C170 /* Release */ = {
			isa = XCBuildConfiguration;
			buildSettings = {
				ALWAYS_SEARCH_USER_PATHS = NO;
				CLANG_ANALYZER_NONNULL = YES;
				CLANG_CXX_LANGUAGE_STANDARD = "gnu++0x";
				CLANG_CXX_LIBRARY = "libc++";
				CLANG_ENABLE_MODULES = YES;
				CLANG_ENABLE_OBJC_ARC = YES;
				CLANG_WARN_BOOL_CONVERSION = YES;
				CLANG_WARN_CONSTANT_CONVERSION = YES;
				CLANG_WARN_DIRECT_OBJC_ISA_USAGE = YES_ERROR;
				CLANG_WARN_DOCUMENTATION_COMMENTS = YES;
				CLANG_WARN_EMPTY_BODY = YES;
				CLANG_WARN_ENUM_CONVERSION = YES;
				CLANG_WARN_INFINITE_RECURSION = YES;
				CLANG_WARN_INT_CONVERSION = YES;
				CLANG_WARN_OBJC_ROOT_CLASS = YES_ERROR;
				CLANG_WARN_SUSPICIOUS_MOVE = YES;
				CLANG_WARN_UNREACHABLE_CODE = YES;
				CLANG_WARN__DUPLICATE_METHOD_MATCH = YES;
				"CODE_SIGN_IDENTITY[sdk=iphoneos*]" = "iPhone Developer";
				COPY_PHASE_STRIP = NO;
				DEBUG_INFORMATION_FORMAT = "dwarf-with-dsym";
				ENABLE_NS_ASSERTIONS = NO;
				ENABLE_STRICT_OBJC_MSGSEND = YES;
				GCC_C_LANGUAGE_STANDARD = gnu99;
				GCC_NO_COMMON_BLOCKS = YES;
				GCC_WARN_64_TO_32_BIT_CONVERSION = YES;
				GCC_WARN_ABOUT_RETURN_TYPE = YES_ERROR;
				GCC_WARN_UNDECLARED_SELECTOR = YES;
				GCC_WARN_UNINITIALIZED_AUTOS = YES_AGGRESSIVE;
				GCC_WARN_UNUSED_FUNCTION = YES;
				GCC_WARN_UNUSED_VARIABLE = YES;
				IPHONEOS_DEPLOYMENT_TARGET = 10.2;
				MTL_ENABLE_DEBUG_INFO = NO;
				SDKROOT = iphoneos;
				SWIFT_OPTIMIZATION_LEVEL = "-Owholemodule";
				TARGETED_DEVICE_FAMILY = "1,2";
				VALIDATE_PRODUCT = YES;
			};
			name = Release;
		};
		84AF8CF11E75347C0055C170 /* Debug */ = {
			isa = XCBuildConfiguration;
			buildSettings = {
				ASSETCATALOG_COMPILER_APPICON_NAME = AppIcon;
				INFOPLIST_FILE = PhamLam/Info.plist;
				LD_RUNPATH_SEARCH_PATHS = "$(inherited) @executable_path/Frameworks";
				PRODUCT_BUNDLE_IDENTIFIER = Lama.PhamLam;
				PRODUCT_NAME = "$(TARGET_NAME)";
				SWIFT_VERSION = 3.0;
			};
			name = Debug;
		};
		84AF8CF21E75347C0055C170 /* Release */ = {
			isa = XCBuildConfiguration;
			buildSettings = {
				ASSETCATALOG_COMPILER_APPICON_NAME = AppIcon;
				INFOPLIST_FILE = PhamLam/Info.plist;
				LD_RUNPATH_SEARCH_PATHS = "$(inherited) @executable_path/Frameworks";
				PRODUCT_BUNDLE_IDENTIFIER = Lama.PhamLam;
				PRODUCT_NAME = "$(TARGET_NAME)";
				SWIFT_VERSION = 3.0;
			};
			name = Release;
		};
/* End XCBuildConfiguration section */

/* Begin XCConfigurationList section */
		84AF8CD31E75347C0055C170 /* Build configuration list for PBXProject "PhamLam" */ = {
			isa = XCConfigurationList;
			buildConfigurations = (
				84AF8CEE1E75347C0055C170 /* Debug */,
				84AF8CEF1E75347C0055C170 /* Release */,
			);
			defaultConfigurationIsVisible = 0;
			defaultConfigurationName = Release;
		};
		84AF8CF01E75347C0055C170 /* Build configuration list for PBXNativeTarget "PhamLam" */ = {
			isa = XCConfigurationList;
			buildConfigurations = (
				84AF8CF11E75347C0055C170 /* Debug */,
				84AF8CF21E75347C0055C170 /* Release */,
			);
			defaultConfigurationIsVisible = 0;
			defaultConfigurationName = Release;
		};
/* End XCConfigurationList section */
	};
	rootObject = 84AF8CD01E75347C0055C170 /* Project object */;
}
